<?xml version="1.0" encoding="UTF-8" standalone="yes" ?>
<CodeBlocks_project_file>
	<FileVersion major="1" minor="6" />
	<Project>
		<Option title="Minesweeper" />
		<Option pch_mode="2" />
		<Option compiler="gcc" />
		<Build>
			<Target title="Debug">
				<Option output="bin/Debug/Minesweeper" prefix_auto="1" extension_auto="1" />
				<Option object_output="obj/Debug/" />
				<Option type="1" />
				<Option compiler="gcc" />
				<Compiler>
					<Add option="-g" />
				</Compiler>
				<Linker>
					<Add library="sfml-graphics-d" />
					<Add library="sfml-window-d" />
					<Add library="sfml-audio-d" />
					<Add library="sfml-network-d" />
					<Add library="sfml-system-d" />
					<Add library="opengl32" />
				</Linker>
			</Target>
			<Target title="Release">
				<Option output="bin/Release/Minesweeper" prefix_auto="1" extension_auto="1" />
				<Option object_output="obj/Release/" />
				<Option type="1" />
				<Option compiler="gcc" />
				<Compiler>
					<Add option="-O2" />
				</Compiler>
				<Linker>
					<Add option="-s" />
					<Add library="sfml-graphics" />
					<Add library="sfml-window" />
					<Add library="sfml-audio" />
					<Add library="sfml-network" />
					<Add library="sfml-system" />
					<Add library="opengl32" />
				</Linker>
			</Target>
		</Build>
		<Compiler>
			<Add option="-Wall" />
			<Add directory="C:/Coding/Projects/Work in Progress/Libraries/SFML-sources-2.5.1/include" />
			<Add directory="ImGui" />
		</Compiler>
		<Linker>
			<Add directory="C:/Coding/Projects/Work in Progress/Libraries/SFML/lib" />
		</Linker>
		<Unit filename="ImGui/imconfig-SFML.h" />
		<Unit filename="ImGui/imconfig.h" />
		<Unit filename="ImGui/imgui-SFML.cpp" />
		<Unit filename="ImGui/imgui-SFML.h" />
		<Unit filename="ImGui/imgui-SFML_export.h" />
		<Unit filename="ImGui/imgui.cpp" />
		<Unit filename="ImGui/imgui.h" />
		<Unit filename="ImGui/imgui_draw.cpp" />
		<Unit filename="ImGui/imgui_internal.h" />
		<Unit filename="ImGui/imgui_tables.cpp" />
		<Unit filename="ImGui/imgui_widgets.cpp" />
		<Unit filename="ImGui/imstb_rectpack.h" />
		<Unit filename="ImGui/imstb_textedit.h" />
		<Unit filename="ImGui/imstb_truetype.h" />
		<Unit filename="main.cpp" />
		<Extensions />
	</Project>
</CodeBlocks_project_file>
